
Microsoft Visual Studio Solution File, Format Version 12.00
Project("{FAE04EC0-301F-11D3-BF4B-00C04F79EFBC}") = "DotNetPG", "DotNetPG\DotNetPG.csproj", "{266DF6C2-4821-4250-82D9-5CEC56E8529C}"
EndProject
Project("{FAE04EC0-301F-11D3-BF4B-00C04F79EFBC}") = "DotNetPG.Test", "DotNetPG.Test\DotNetPG.Test.csproj", "{43EE3D49-7AF4-42B2-918A-D62F04DC79D4}"
EndProject
Project("{2150E333-8FDC-42A3-9474-1A3956D46DE8}") = "Examples", "Examples", "{DAC287F6-02E8-4BDD-9C9E-D17102FD6221}"
EndProject
Project("{FAE04EC0-301F-11D3-BF4B-00C04F79EFBC}") = "KeyGeneration", "Examples\KeyGeneration\KeyGeneration.csproj", "{948BEA3D-C356-4BE1-8088-A0EA818C7A28}"
EndProject
Project("{FAE04EC0-301F-11D3-BF4B-00C04F79EFBC}") = "KeyReading", "Examples\KeyReading\KeyReading.csproj", "{1EEB8D8C-0ADF-49DE-B5E8-2B249054F599}"
EndProject
Project("{FAE04EC0-301F-11D3-BF4B-00C04F79EFBC}") = "CleartextSigning", "Examples\CleartextSigning\CleartextSigning.csproj", "{B325B643-EC29-4FC5-B602-F4B4747464E5}"
EndProject
Project("{FAE04EC0-301F-11D3-BF4B-00C04F79EFBC}") = "KeyDecrypting", "Examples\KeyDecrypting\KeyDecrypting.csproj", "{6945ED63-8048-4382-9A27-5ECFAD9ECCD4}"
EndProject
Project("{FAE04EC0-301F-11D3-BF4B-00C04F79EFBC}") = "LiteralData", "Examples\LiteralData\LiteralData.csproj", "{7636335E-744A-4354-A6C0-E32D337E4B1D}"
EndProject
Global
	GlobalSection(SolutionConfigurationPlatforms) = preSolution
		Debug|Any CPU = Debug|Any CPU
		Release|Any CPU = Release|Any CPU
	EndGlobalSection
	GlobalSection(ProjectConfigurationPlatforms) = postSolution
		{266DF6C2-4821-4250-82D9-5CEC56E8529C}.Debug|Any CPU.ActiveCfg = Debug|Any CPU
		{266DF6C2-4821-4250-82D9-5CEC56E8529C}.Debug|Any CPU.Build.0 = Debug|Any CPU
		{266DF6C2-4821-4250-82D9-5CEC56E8529C}.Release|Any CPU.ActiveCfg = Release|Any CPU
		{266DF6C2-4821-4250-82D9-5CEC56E8529C}.Release|Any CPU.Build.0 = Release|Any CPU
		{43EE3D49-7AF4-42B2-918A-D62F04DC79D4}.Debug|Any CPU.ActiveCfg = Debug|Any CPU
		{43EE3D49-7AF4-42B2-918A-D62F04DC79D4}.Debug|Any CPU.Build.0 = Debug|Any CPU
		{43EE3D49-7AF4-42B2-918A-D62F04DC79D4}.Release|Any CPU.ActiveCfg = Release|Any CPU
		{43EE3D49-7AF4-42B2-918A-D62F04DC79D4}.Release|Any CPU.Build.0 = Release|Any CPU
		{948BEA3D-C356-4BE1-8088-A0EA818C7A28}.Debug|Any CPU.ActiveCfg = Debug|Any CPU
		{948BEA3D-C356-4BE1-8088-A0EA818C7A28}.Debug|Any CPU.Build.0 = Debug|Any CPU
		{948BEA3D-C356-4BE1-8088-A0EA818C7A28}.Release|Any CPU.ActiveCfg = Release|Any CPU
		{948BEA3D-C356-4BE1-8088-A0EA818C7A28}.Release|Any CPU.Build.0 = Release|Any CPU
		{1EEB8D8C-0ADF-49DE-B5E8-2B249054F599}.Debug|Any CPU.ActiveCfg = Debug|Any CPU
		{1EEB8D8C-0ADF-49DE-B5E8-2B249054F599}.Debug|Any CPU.Build.0 = Debug|Any CPU
		{1EEB8D8C-0ADF-49DE-B5E8-2B249054F599}.Release|Any CPU.ActiveCfg = Release|Any CPU
		{1EEB8D8C-0ADF-49DE-B5E8-2B249054F599}.Release|Any CPU.Build.0 = Release|Any CPU
		{B325B643-EC29-4FC5-B602-F4B4747464E5}.Debug|Any CPU.ActiveCfg = Debug|Any CPU
		{B325B643-EC29-4FC5-B602-F4B4747464E5}.Debug|Any CPU.Build.0 = Debug|Any CPU
		{B325B643-EC29-4FC5-B602-F4B4747464E5}.Release|Any CPU.ActiveCfg = Release|Any CPU
		{B325B643-EC29-4FC5-B602-F4B4747464E5}.Release|Any CPU.Build.0 = Release|Any CPU
		{6945ED63-8048-4382-9A27-5ECFAD9ECCD4}.Debug|Any CPU.ActiveCfg = Debug|Any CPU
		{6945ED63-8048-4382-9A27-5ECFAD9ECCD4}.Debug|Any CPU.Build.0 = Debug|Any CPU
		{6945ED63-8048-4382-9A27-5ECFAD9ECCD4}.Release|Any CPU.ActiveCfg = Release|Any CPU
		{6945ED63-8048-4382-9A27-5ECFAD9ECCD4}.Release|Any CPU.Build.0 = Release|Any CPU
		{7636335E-744A-4354-A6C0-E32D337E4B1D}.Debug|Any CPU.ActiveCfg = Debug|Any CPU
		{7636335E-744A-4354-A6C0-E32D337E4B1D}.Debug|Any CPU.Build.0 = Debug|Any CPU
		{7636335E-744A-4354-A6C0-E32D337E4B1D}.Release|Any CPU.ActiveCfg = Release|Any CPU
		{7636335E-744A-4354-A6C0-E32D337E4B1D}.Release|Any CPU.Build.0 = Release|Any CPU
	EndGlobalSection
	GlobalSection(NestedProjects) = preSolution
		{948BEA3D-C356-4BE1-8088-A0EA818C7A28} = {DAC287F6-02E8-4BDD-9C9E-D17102FD6221}
		{1EEB8D8C-0ADF-49DE-B5E8-2B249054F599} = {DAC287F6-02E8-4BDD-9C9E-D17102FD6221}
		{B325B643-EC29-4FC5-B602-F4B4747464E5} = {DAC287F6-02E8-4BDD-9C9E-D17102FD6221}
		{6945ED63-8048-4382-9A27-5ECFAD9ECCD4} = {DAC287F6-02E8-4BDD-9C9E-D17102FD6221}
		{7636335E-744A-4354-A6C0-E32D337E4B1D} = {DAC287F6-02E8-4BDD-9C9E-D17102FD6221}
	EndGlobalSection
EndGlobal
