
Microsoft Visual Studio Solution File, Format Version 12.00
Project("{FAE04EC0-301F-11D3-BF4B-00C04F79EFBC}") = "DotNetPG", "DotNetPG\DotNetPG.csproj", "{266DF6C2-4821-4250-82D9-5CEC56E8529C}"
EndProject
Project("{FAE04EC0-301F-11D3-BF4B-00C04F79EFBC}") = "DotNetPG.Test", "DotNetPG.Test\DotNetPG.Test.csproj", "{43EE3D49-7AF4-42B2-918A-D62F04DC79D4}"
EndProject
Global
	GlobalSection(SolutionConfigurationPlatforms) = preSolution
		Debug|Any CPU = Debug|Any CPU
		Release|Any CPU = Release|Any CPU
	EndGlobalSection
	GlobalSection(ProjectConfigurationPlatforms) = postSolution
		{266DF6C2-4821-4250-82D9-5CEC56E8529C}.Debug|Any CPU.ActiveCfg = Debug|Any CPU
		{266DF6C2-4821-4250-82D9-5CEC56E8529C}.Debug|Any CPU.Build.0 = Debug|Any CPU
		{266DF6C2-4821-4250-82D9-5CEC56E8529C}.Release|Any CPU.ActiveCfg = Release|Any CPU
		{266DF6C2-4821-4250-82D9-5CEC56E8529C}.Release|Any CPU.Build.0 = Release|Any CPU
		{43EE3D49-7AF4-42B2-918A-D62F04DC79D4}.Debug|Any CPU.ActiveCfg = Debug|Any CPU
		{43EE3D49-7AF4-42B2-918A-D62F04DC79D4}.Debug|Any CPU.Build.0 = Debug|Any CPU
		{43EE3D49-7AF4-42B2-918A-D62F04DC79D4}.Release|Any CPU.ActiveCfg = Release|Any CPU
		{43EE3D49-7AF4-42B2-918A-D62F04DC79D4}.Release|Any CPU.Build.0 = Release|Any CPU
	EndGlobalSection
EndGlobal
